<?xml version="1.0" encoding="utf-8"?>
<Project ToolsVersion="4.0" xmlns="http://schemas.microsoft.com/developer/msbuild/2003">
  <ItemGroup>
    <ClCompile Include="Example.cpp" />
    <ClCompile Include="Classes\Example\Example_01\E01Example_01.cpp">
      <Filter>Classes\Example\Example_01</Filter>
    </ClCompile>
    <ClCompile Include="Classes\Example\Example_02\E01Example_02.cpp">
      <Filter>Classes\Example\Example_02</Filter>
    </ClCompile>
    <ClCompile Include="Classes\Training\Training_01\T01Training_01.cpp">
      <Filter>Classes\Training\Training_01</Filter>
    </ClCompile>
    <ClCompile Include="Classes\Training\Training_02\T01Training_02.cpp">
      <Filter>Classes\Training\Training_02</Filter>
    </ClCompile>
  </ItemGroup>
  <ItemGroup>
    <Filter Include="Classes">
      <UniqueIdentifier>{89b08435-1391-4c8b-b10c-17a7034c4646}</UniqueIdentifier>
    </Filter>
    <Filter Include="Classes\Global">
      <UniqueIdentifier>{5c83e76e-06cd-4175-a30d-e800d8fae043}</UniqueIdentifier>
    </Filter>
    <Filter Include="Classes\Global\Define">
      <UniqueIdentifier>{2a39cf1d-d98e-464d-b038-da909304247d}</UniqueIdentifier>
    </Filter>
    <Filter Include="Classes\Example">
      <UniqueIdentifier>{5b066be5-3443-497c-99c8-6bbb2e3c877f}</UniqueIdentifier>
    </Filter>
    <Filter Include="Classes\Example\Example_01">
      <UniqueIdentifier>{73289bb9-8944-4f9e-ba1c-c9ad031d7ac5}</UniqueIdentifier>
    </Filter>
    <Filter Include="Classes\Example\Example_02">
      <UniqueIdentifier>{f42da1a7-c6df-4803-9ffb-90edcc02803f}</UniqueIdentifier>
    </Filter>
    <Filter Include="Classes\Training">
      <UniqueIdentifier>{55ac49d0-b158-42e2-a4c2-dacab3d64afc}</UniqueIdentifier>
    </Filter>
    <Filter Include="Classes\Training\Training_01">
      <UniqueIdentifier>{27fe2f28-543f-4082-b30c-ad9bf1c57171}</UniqueIdentifier>
    </Filter>
    <Filter Include="Classes\Training\Training_02">
      <UniqueIdentifier>{de7cfd76-ed08-4e50-b41c-8e2a00419b71}</UniqueIdentifier>
    </Filter>
  </ItemGroup>
  <ItemGroup>
    <ClInclude Include="Classes\Global\Define\KDefine+Global.h">
      <Filter>Classes\Global\Define</Filter>
    </ClInclude>
    <ClInclude Include="Classes\Example\Example_01\E01Example_01.h">
      <Filter>Classes\Example\Example_01</Filter>
    </ClInclude>
    <ClInclude Include="Classes\Example\Example_02\E01Example_02.h">
      <Filter>Classes\Example\Example_02</Filter>
    </ClInclude>
    <ClInclude Include="Classes\Training\Training_01\T01Training_01.h">
      <Filter>Classes\Training\Training_01</Filter>
    </ClInclude>
    <ClInclude Include="Classes\Training\Training_02\T01Training_02.h">
      <Filter>Classes\Training\Training_02</Filter>
    </ClInclude>
  </ItemGroup>
</Project>